
Microsoft Visual Studio Solution File, Format Version 12.00
# Visual Studio Version 17
VisualStudioVersion = 17.3.32825.248
MinimumVisualStudioVersion = 10.0.40219.1
Project("{FAE04EC0-301F-11D3-BF4B-00C04F79EFBC}") = "PholienVictor_Chien", "PholienVictor_Chien\PholienVictor_Chien.csproj", "{7F4CF03E-3F15-4533-97E6-C0D38267DCBB}"
EndProject
Global
	GlobalSection(SolutionConfigurationPlatforms) = preSolution
		Debug|Any CPU = Debug|Any CPU
		Release|Any CPU = Release|Any CPU
	EndGlobalSection
	GlobalSection(ProjectConfigurationPlatforms) = postSolution
		{7F4CF03E-3F15-4533-97E6-C0D38267DCBB}.Debug|Any CPU.ActiveCfg = Debug|Any CPU
		{7F4CF03E-3F15-4533-97E6-C0D38267DCBB}.Debug|Any CPU.Build.0 = Debug|Any CPU
		{7F4CF03E-3F15-4533-97E6-C0D38267DCBB}.Release|Any CPU.ActiveCfg = Release|Any CPU
		{7F4CF03E-3F15-4533-97E6-C0D38267DCBB}.Release|Any CPU.Build.0 = Release|Any CPU
	EndGlobalSection
	GlobalSection(SolutionProperties) = preSolution
		HideSolutionNode = FALSE
	EndGlobalSection
	GlobalSection(ExtensibilityGlobals) = postSolution
		SolutionGuid = {90E55527-672F-4205-9EE7-8B08AE60116D}
	EndGlobalSection
EndGlobal
